{
  "nodes": {
    "flux": {
      "inputs": {
        "nixpkgs": "nixpkgs"
      },
      "locked": {
        "lastModified": 1729388191,
        "narHash": "sha256-Ga5JJPgwfpqMFvk8g4un7ySwfTefGCsbUrCDsSnQyiU=",
        "owner": "IogaMaster",
        "repo": "flux",
        "rev": "400896b5c977e0569ea0f8bacb9b42509e0bbd00",
        "type": "github"
      },
      "original": {
        "owner": "IogaMaster",
        "repo": "flux",
        "type": "github"
      }
    },
    "nixpkgs": {
      "locked": {
        "lastModified": 1712608508,
        "narHash": "sha256-vMZ5603yU0wxgyQeHJryOI+O61yrX2AHwY6LOFyV1gM=",
        "owner": "nixos",
        "repo": "nixpkgs",
        "rev": "4cba8b53da471aea2ab2b0c1f30a81e7c451f4b6",
        "type": "github"
      },
      "original": {
        "owner": "nixos",
        "ref": "nixos-unstable",
        "repo": "nixpkgs",
        "type": "github"
      }
    },
    "nixpkgs_2": {
      "locked": {
        "lastModified": 1735812404,
        "narHash": "sha256-BJn85EeGPMOYuiltdG7SiWUy6cXRp2eYXk1dahHHI5o=",
        "owner": "nixos",
        "repo": "nixpkgs",
        "rev": "32f769411560986ff791486bda43de2983830b31",
        "type": "github"
      },
      "original": {
        "owner": "nixos",
        "repo": "nixpkgs",
        "type": "github"
      }
    },
    "root": {
      "inputs": {
        "flux": "flux",
        "nixpkgs": "nixpkgs_2"
      }
    }
  },
  "root": "root",
  "version": 7
}
